
Microsoft Visual Studio Solution File, Format Version 12.00
# Visual Studio Version 17
VisualStudioVersion = 17.14.36212.18
MinimumVisualStudioVersion = 10.0.40219.1
Project("{FAE04EC0-301F-11D3-BF4B-00C04F79EFBC}") = "CS311-CS3A-2025-JACABA", "WindowsFormsApp1\CS311-CS3A-2025-JACABA.csproj", "{02FE9CD6-F42E-4EBE-BFEC-BE58F6CA032B}"
EndProject
Global
	GlobalSection(SolutionConfigurationPlatforms) = preSolution
		Debug|Any CPU = Debug|Any CPU
		Release|Any CPU = Release|Any CPU
	EndGlobalSection
	GlobalSection(ProjectConfigurationPlatforms) = postSolution
		{02FE9CD6-F42E-4EBE-BFEC-BE58F6CA032B}.Debug|Any CPU.ActiveCfg = Debug|Any CPU
		{02FE9CD6-F42E-4EBE-BFEC-BE58F6CA032B}.Debug|Any CPU.Build.0 = Debug|Any CPU
		{02FE9CD6-F42E-4EBE-BFEC-BE58F6CA032B}.Release|Any CPU.ActiveCfg = Release|Any CPU
		{02FE9CD6-F42E-4EBE-BFEC-BE58F6CA032B}.Release|Any CPU.Build.0 = Release|Any CPU
	EndGlobalSection
	GlobalSection(SolutionProperties) = preSolution
		HideSolutionNode = FALSE
	EndGlobalSection
	GlobalSection(ExtensibilityGlobals) = postSolution
		SolutionGuid = {63E17547-6BB0-4AA0-8DA0-81127804FBFF}
	EndGlobalSection
EndGlobal
